
Microsoft Visual Studio Solution File, Format Version 12.00
# Visual Studio 15
VisualStudioVersion = 15.0.27130.2020
MinimumVisualStudioVersion = 10.0.40219.1
Project("{9A19103F-16F7-4668-BE54-9A1E7A4F7556}") = "OverGraphed", "OverGraphed\OverGraphed.csproj", "{4F1E1CB1-A580-4668-AE08-34E8E8A62B77}"
EndProject
Project("{2150E333-8FDC-42A3-9474-1A3956D46DE8}") = "Tests", "Tests", "{9F42B33D-4581-412D-A5D5-1616111FE310}"
EndProject
Project("{FAE04EC0-301F-11D3-BF4B-00C04F79EFBC}") = "OverGraphed.Test", "Tests\OverGraphed.Test\OverGraphed.Test.csproj", "{5612BF83-CA34-4E22-B643-DBA7490A34D2}"
EndProject
Global
	GlobalSection(SolutionConfigurationPlatforms) = preSolution
		Debug|Any CPU = Debug|Any CPU
		Release|Any CPU = Release|Any CPU
	EndGlobalSection
	GlobalSection(ProjectConfigurationPlatforms) = postSolution
		{4F1E1CB1-A580-4668-AE08-34E8E8A62B77}.Debug|Any CPU.ActiveCfg = Debug|Any CPU
		{4F1E1CB1-A580-4668-AE08-34E8E8A62B77}.Debug|Any CPU.Build.0 = Debug|Any CPU
		{4F1E1CB1-A580-4668-AE08-34E8E8A62B77}.Release|Any CPU.ActiveCfg = Release|Any CPU
		{4F1E1CB1-A580-4668-AE08-34E8E8A62B77}.Release|Any CPU.Build.0 = Release|Any CPU
		{5612BF83-CA34-4E22-B643-DBA7490A34D2}.Debug|Any CPU.ActiveCfg = Debug|Any CPU
		{5612BF83-CA34-4E22-B643-DBA7490A34D2}.Debug|Any CPU.Build.0 = Debug|Any CPU
		{5612BF83-CA34-4E22-B643-DBA7490A34D2}.Release|Any CPU.ActiveCfg = Release|Any CPU
		{5612BF83-CA34-4E22-B643-DBA7490A34D2}.Release|Any CPU.Build.0 = Release|Any CPU
	EndGlobalSection
	GlobalSection(SolutionProperties) = preSolution
		HideSolutionNode = FALSE
	EndGlobalSection
	GlobalSection(NestedProjects) = preSolution
		{5612BF83-CA34-4E22-B643-DBA7490A34D2} = {9F42B33D-4581-412D-A5D5-1616111FE310}
	EndGlobalSection
	GlobalSection(ExtensibilityGlobals) = postSolution
		SolutionGuid = {62BD1101-4E19-44BC-80E3-81657BD271EE}
	EndGlobalSection
EndGlobal
